
Microsoft Visual Studio Solution File, Format Version 12.00
# Visual Studio Version 17
VisualStudioVersion = 17.14.36915.13 d17.14
MinimumVisualStudioVersion = 10.0.40219.1
Project("{FAE04EC0-301F-11D3-BF4B-00C04F79EFBC}") = "MovieTicketHelper2", "MovieTicketHelper2.csproj", "{BE584294-A6D3-471D-9864-F2BA07CC7353}"
EndProject
Global
	GlobalSection(SolutionConfigurationPlatforms) = preSolution
		Debug|Any CPU = Debug|Any CPU
		Release|Any CPU = Release|Any CPU
	EndGlobalSection
	GlobalSection(ProjectConfigurationPlatforms) = postSolution
		{BE584294-A6D3-471D-9864-F2BA07CC7353}.Debug|Any CPU.ActiveCfg = Debug|Any CPU
		{BE584294-A6D3-471D-9864-F2BA07CC7353}.Debug|Any CPU.Build.0 = Debug|Any CPU
		{BE584294-A6D3-471D-9864-F2BA07CC7353}.Release|Any CPU.ActiveCfg = Release|Any CPU
		{BE584294-A6D3-471D-9864-F2BA07CC7353}.Release|Any CPU.Build.0 = Release|Any CPU
	EndGlobalSection
	GlobalSection(SolutionProperties) = preSolution
		HideSolutionNode = FALSE
	EndGlobalSection
	GlobalSection(ExtensibilityGlobals) = postSolution
		SolutionGuid = {9032B790-2C93-49CD-A7A5-B71D75B59A40}
	EndGlobalSection
EndGlobal
